
Microsoft Visual Studio Solution File, Format Version 12.00
# Visual Studio Version 16
VisualStudioVersion = 16.0.31129.286
MinimumVisualStudioVersion = 10.0.40219.1
Project("{9A19103F-16F7-4668-BE54-9A1E7A4F7556}") = "DataLayer", "DataLayer\DataLayer.csproj", "{F595D284-86E1-4DF7-A641-490871DE4407}"
EndProject
Project("{9A19103F-16F7-4668-BE54-9A1E7A4F7556}") = "BackendGUI", "BackendGUI\BackendGUI.csproj", "{1428080D-4625-4D5B-A6E9-C5CF7A8C7513}"
EndProject
Project("{FAE04EC0-301F-11D3-BF4B-00C04F79EFBC}") = "API", "API\API.csproj", "{A4D654B3-C368-4830-BB87-3EBAF022F8DC}"
EndProject
Global
	GlobalSection(SolutionConfigurationPlatforms) = preSolution
		Debug|Any CPU = Debug|Any CPU
		Release|Any CPU = Release|Any CPU
	EndGlobalSection
	GlobalSection(ProjectConfigurationPlatforms) = postSolution
		{F595D284-86E1-4DF7-A641-490871DE4407}.Debug|Any CPU.ActiveCfg = Debug|Any CPU
		{F595D284-86E1-4DF7-A641-490871DE4407}.Debug|Any CPU.Build.0 = Debug|Any CPU
		{F595D284-86E1-4DF7-A641-490871DE4407}.Release|Any CPU.ActiveCfg = Release|Any CPU
		{F595D284-86E1-4DF7-A641-490871DE4407}.Release|Any CPU.Build.0 = Release|Any CPU
		{1428080D-4625-4D5B-A6E9-C5CF7A8C7513}.Debug|Any CPU.ActiveCfg = Debug|Any CPU
		{1428080D-4625-4D5B-A6E9-C5CF7A8C7513}.Debug|Any CPU.Build.0 = Debug|Any CPU
		{1428080D-4625-4D5B-A6E9-C5CF7A8C7513}.Release|Any CPU.ActiveCfg = Release|Any CPU
		{1428080D-4625-4D5B-A6E9-C5CF7A8C7513}.Release|Any CPU.Build.0 = Release|Any CPU
		{A4D654B3-C368-4830-BB87-3EBAF022F8DC}.Debug|Any CPU.ActiveCfg = Debug|Any CPU
		{A4D654B3-C368-4830-BB87-3EBAF022F8DC}.Debug|Any CPU.Build.0 = Debug|Any CPU
		{A4D654B3-C368-4830-BB87-3EBAF022F8DC}.Release|Any CPU.ActiveCfg = Release|Any CPU
		{A4D654B3-C368-4830-BB87-3EBAF022F8DC}.Release|Any CPU.Build.0 = Release|Any CPU
	EndGlobalSection
	GlobalSection(SolutionProperties) = preSolution
		HideSolutionNode = FALSE
	EndGlobalSection
	GlobalSection(ExtensibilityGlobals) = postSolution
		SolutionGuid = {0E9273F7-D125-483E-AE11-906B69DE948A}
	EndGlobalSection
EndGlobal
